
Microsoft Visual Studio Solution File, Format Version 12.00
# Visual Studio Version 17
VisualStudioVersion = 17.2.32630.192
MinimumVisualStudioVersion = 10.0.40219.1
Project("{9A19103F-16F7-4668-BE54-9A1E7A4F7556}") = "SpikeTests.SearchEngine.Lucene", "SpikeTests.SearchEngine.Lucene\SpikeTests.SearchEngine.Lucene.csproj", "{AE860200-A7B5-46BE-8AF2-DA1D1D145687}"
EndProject
Project("{9A19103F-16F7-4668-BE54-9A1E7A4F7556}") = "SpikeTests.SearchEngine.Engine", "SpikeTests.SearchEngine\SpikeTests.SearchEngine.Engine.csproj", "{D1D893D4-4254-4570-A87B-5F2B6AB5805A}"
EndProject
Project("{9A19103F-16F7-4668-BE54-9A1E7A4F7556}") = "SpikeTest.SearchEngine.Api", "SpikeTests.SearchEngine.Api\SpikeTest.SearchEngine.Api.csproj", "{5D27C14A-8A1A-4665-958A-94CC5FE32965}"
EndProject
Project("{9A19103F-16F7-4668-BE54-9A1E7A4F7556}") = "SpikeTests.UI", "SpikeTests.UI\SpikeTests.UI.csproj", "{C72727E3-DDE2-48D0-8353-67B7F1EC9CF2}"
EndProject
Project("{2150E333-8FDC-42A3-9474-1A3956D46DE8}") = "SearchEngine.Lucene", "SearchEngine.Lucene", "{3649E53C-063B-4B1F-93E0-BC5482318663}"
EndProject
Project("{9A19103F-16F7-4668-BE54-9A1E7A4F7556}") = "SpikeTests.SearchEngine.Service", "SpikeTests.SearchEngine.Service\SpikeTests.SearchEngine.Service.csproj", "{E2A6AF13-7004-4ECB-84A5-A183FD590ACF}"
EndProject
Project("{9A19103F-16F7-4668-BE54-9A1E7A4F7556}") = "SpikeTests.SearchEngine.Domain", "SpikeTests.SearchEngine.Domain\SpikeTests.SearchEngine.Domain.csproj", "{A439C268-437B-4D87-8DAB-005BED86EDB8}"
EndProject
Project("{9A19103F-16F7-4668-BE54-9A1E7A4F7556}") = "SpikeTests.SearchEngine.DAL", "SpikeTests.SearchEngine.DAL\SpikeTests.SearchEngine.DAL.csproj", "{49A274AB-812E-41C5-AA26-0A2B0FB6069F}"
EndProject
Project("{9A19103F-16F7-4668-BE54-9A1E7A4F7556}") = "SpikeTests.SearchEngine.Utils", "SpikeTests.SearchEngine.Utils\SpikeTests.SearchEngine.Utils.csproj", "{51A25604-AE3E-4EF6-B587-23654797626E}"
EndProject
Project("{2150E333-8FDC-42A3-9474-1A3956D46DE8}") = "Api", "Api", "{8CE6CA47-EA2D-4FB8-A013-DD35602AD8FC}"
EndProject
Project("{2150E333-8FDC-42A3-9474-1A3956D46DE8}") = "Domain", "Domain", "{8161C7F4-8EBF-43FA-82FC-61F8C3747F02}"
EndProject
Project("{2150E333-8FDC-42A3-9474-1A3956D46DE8}") = "Infra", "Infra", "{7A4F7427-D491-4E29-A9CA-42B6D4DC759C}"
EndProject
Project("{2150E333-8FDC-42A3-9474-1A3956D46DE8}") = "Cross Cutting", "Cross Cutting", "{AC1B1D5B-FC30-430B-ADF0-EB63045EFED9}"
EndProject
Project("{9A19103F-16F7-4668-BE54-9A1E7A4F7556}") = "SpikeTests.SearchEngine.QuartzNet", "SpikeTests.SearchEngine.QuartzNet\SpikeTests.SearchEngine.QuartzNet.csproj", "{96E72016-014B-43D5-9A12-90587E799402}"
EndProject
Project("{2150E333-8FDC-42A3-9474-1A3956D46DE8}") = "SpikeTests.UnitTests", "SpikeTests.UnitTests", "{A981DCCA-CE95-4828-BE3E-9C1D3AEEF9E5}"
EndProject
Project("{9A19103F-16F7-4668-BE54-9A1E7A4F7556}") = "SpikeTests.UnitTestsProves", "SpikeTests.UnitTestsProves\SpikeTests.UnitTestsProves.csproj", "{EBA20AA3-AD33-4172-89BB-C11DDDFE439D}"
EndProject
Project("{9A19103F-16F7-4668-BE54-9A1E7A4F7556}") = "SpikeTests.Infra.Support", "SpikeTests.Infra.Support\SpikeTests.Infra.Support.csproj", "{58A06ABA-EB79-4CFD-BDF0-3A2ED02DD143}"
EndProject
Project("{2150E333-8FDC-42A3-9474-1A3956D46DE8}") = "SpikeTests.Interface", "SpikeTests.Interface", "{AA6433BB-30C8-4F68-80F4-B3BF1772E8D4}"
EndProject
Project("{2150E333-8FDC-42A3-9474-1A3956D46DE8}") = "App", "App", "{095BB236-5CF7-4748-8840-5C39AC88AC21}"
EndProject
Project("{9A19103F-16F7-4668-BE54-9A1E7A4F7556}") = "SpikeTests.SearchEngine.Application", "SpikeTests.SearchEngine.Application\SpikeTests.SearchEngine.Application.csproj", "{69550946-E396-4A81-9567-3ACF146A517E}"
EndProject
Global
	GlobalSection(SolutionConfigurationPlatforms) = preSolution
		Debug|Any CPU = Debug|Any CPU
		Release|Any CPU = Release|Any CPU
	EndGlobalSection
	GlobalSection(ProjectConfigurationPlatforms) = postSolution
		{AE860200-A7B5-46BE-8AF2-DA1D1D145687}.Debug|Any CPU.ActiveCfg = Debug|Any CPU
		{AE860200-A7B5-46BE-8AF2-DA1D1D145687}.Debug|Any CPU.Build.0 = Debug|Any CPU
		{AE860200-A7B5-46BE-8AF2-DA1D1D145687}.Release|Any CPU.ActiveCfg = Release|Any CPU
		{AE860200-A7B5-46BE-8AF2-DA1D1D145687}.Release|Any CPU.Build.0 = Release|Any CPU
		{D1D893D4-4254-4570-A87B-5F2B6AB5805A}.Debug|Any CPU.ActiveCfg = Debug|Any CPU
		{D1D893D4-4254-4570-A87B-5F2B6AB5805A}.Debug|Any CPU.Build.0 = Debug|Any CPU
		{D1D893D4-4254-4570-A87B-5F2B6AB5805A}.Release|Any CPU.ActiveCfg = Release|Any CPU
		{D1D893D4-4254-4570-A87B-5F2B6AB5805A}.Release|Any CPU.Build.0 = Release|Any CPU
		{5D27C14A-8A1A-4665-958A-94CC5FE32965}.Debug|Any CPU.ActiveCfg = Debug|Any CPU
		{5D27C14A-8A1A-4665-958A-94CC5FE32965}.Debug|Any CPU.Build.0 = Debug|Any CPU
		{5D27C14A-8A1A-4665-958A-94CC5FE32965}.Release|Any CPU.ActiveCfg = Release|Any CPU
		{5D27C14A-8A1A-4665-958A-94CC5FE32965}.Release|Any CPU.Build.0 = Release|Any CPU
		{C72727E3-DDE2-48D0-8353-67B7F1EC9CF2}.Debug|Any CPU.ActiveCfg = Debug|Any CPU
		{C72727E3-DDE2-48D0-8353-67B7F1EC9CF2}.Debug|Any CPU.Build.0 = Debug|Any CPU
		{C72727E3-DDE2-48D0-8353-67B7F1EC9CF2}.Release|Any CPU.ActiveCfg = Release|Any CPU
		{C72727E3-DDE2-48D0-8353-67B7F1EC9CF2}.Release|Any CPU.Build.0 = Release|Any CPU
		{E2A6AF13-7004-4ECB-84A5-A183FD590ACF}.Debug|Any CPU.ActiveCfg = Debug|Any CPU
		{E2A6AF13-7004-4ECB-84A5-A183FD590ACF}.Debug|Any CPU.Build.0 = Debug|Any CPU
		{E2A6AF13-7004-4ECB-84A5-A183FD590ACF}.Release|Any CPU.ActiveCfg = Release|Any CPU
		{E2A6AF13-7004-4ECB-84A5-A183FD590ACF}.Release|Any CPU.Build.0 = Release|Any CPU
		{A439C268-437B-4D87-8DAB-005BED86EDB8}.Debug|Any CPU.ActiveCfg = Debug|Any CPU
		{A439C268-437B-4D87-8DAB-005BED86EDB8}.Debug|Any CPU.Build.0 = Debug|Any CPU
		{A439C268-437B-4D87-8DAB-005BED86EDB8}.Release|Any CPU.ActiveCfg = Release|Any CPU
		{A439C268-437B-4D87-8DAB-005BED86EDB8}.Release|Any CPU.Build.0 = Release|Any CPU
		{49A274AB-812E-41C5-AA26-0A2B0FB6069F}.Debug|Any CPU.ActiveCfg = Debug|Any CPU
		{49A274AB-812E-41C5-AA26-0A2B0FB6069F}.Debug|Any CPU.Build.0 = Debug|Any CPU
		{49A274AB-812E-41C5-AA26-0A2B0FB6069F}.Release|Any CPU.ActiveCfg = Release|Any CPU
		{49A274AB-812E-41C5-AA26-0A2B0FB6069F}.Release|Any CPU.Build.0 = Release|Any CPU
		{51A25604-AE3E-4EF6-B587-23654797626E}.Debug|Any CPU.ActiveCfg = Debug|Any CPU
		{51A25604-AE3E-4EF6-B587-23654797626E}.Debug|Any CPU.Build.0 = Debug|Any CPU
		{51A25604-AE3E-4EF6-B587-23654797626E}.Release|Any CPU.ActiveCfg = Release|Any CPU
		{51A25604-AE3E-4EF6-B587-23654797626E}.Release|Any CPU.Build.0 = Release|Any CPU
		{96E72016-014B-43D5-9A12-90587E799402}.Debug|Any CPU.ActiveCfg = Debug|Any CPU
		{96E72016-014B-43D5-9A12-90587E799402}.Debug|Any CPU.Build.0 = Debug|Any CPU
		{96E72016-014B-43D5-9A12-90587E799402}.Release|Any CPU.ActiveCfg = Release|Any CPU
		{96E72016-014B-43D5-9A12-90587E799402}.Release|Any CPU.Build.0 = Release|Any CPU
		{EBA20AA3-AD33-4172-89BB-C11DDDFE439D}.Debug|Any CPU.ActiveCfg = Debug|Any CPU
		{EBA20AA3-AD33-4172-89BB-C11DDDFE439D}.Debug|Any CPU.Build.0 = Debug|Any CPU
		{EBA20AA3-AD33-4172-89BB-C11DDDFE439D}.Release|Any CPU.ActiveCfg = Release|Any CPU
		{EBA20AA3-AD33-4172-89BB-C11DDDFE439D}.Release|Any CPU.Build.0 = Release|Any CPU
		{58A06ABA-EB79-4CFD-BDF0-3A2ED02DD143}.Debug|Any CPU.ActiveCfg = Debug|Any CPU
		{58A06ABA-EB79-4CFD-BDF0-3A2ED02DD143}.Debug|Any CPU.Build.0 = Debug|Any CPU
		{58A06ABA-EB79-4CFD-BDF0-3A2ED02DD143}.Release|Any CPU.ActiveCfg = Release|Any CPU
		{58A06ABA-EB79-4CFD-BDF0-3A2ED02DD143}.Release|Any CPU.Build.0 = Release|Any CPU
		{69550946-E396-4A81-9567-3ACF146A517E}.Debug|Any CPU.ActiveCfg = Debug|Any CPU
		{69550946-E396-4A81-9567-3ACF146A517E}.Debug|Any CPU.Build.0 = Debug|Any CPU
		{69550946-E396-4A81-9567-3ACF146A517E}.Release|Any CPU.ActiveCfg = Release|Any CPU
		{69550946-E396-4A81-9567-3ACF146A517E}.Release|Any CPU.Build.0 = Release|Any CPU
	EndGlobalSection
	GlobalSection(SolutionProperties) = preSolution
		HideSolutionNode = FALSE
	EndGlobalSection
	GlobalSection(NestedProjects) = preSolution
		{AE860200-A7B5-46BE-8AF2-DA1D1D145687} = {7A4F7427-D491-4E29-A9CA-42B6D4DC759C}
		{D1D893D4-4254-4570-A87B-5F2B6AB5805A} = {8161C7F4-8EBF-43FA-82FC-61F8C3747F02}
		{5D27C14A-8A1A-4665-958A-94CC5FE32965} = {8CE6CA47-EA2D-4FB8-A013-DD35602AD8FC}
		{C72727E3-DDE2-48D0-8353-67B7F1EC9CF2} = {AA6433BB-30C8-4F68-80F4-B3BF1772E8D4}
		{E2A6AF13-7004-4ECB-84A5-A183FD590ACF} = {8161C7F4-8EBF-43FA-82FC-61F8C3747F02}
		{A439C268-437B-4D87-8DAB-005BED86EDB8} = {8161C7F4-8EBF-43FA-82FC-61F8C3747F02}
		{49A274AB-812E-41C5-AA26-0A2B0FB6069F} = {7A4F7427-D491-4E29-A9CA-42B6D4DC759C}
		{51A25604-AE3E-4EF6-B587-23654797626E} = {AC1B1D5B-FC30-430B-ADF0-EB63045EFED9}
		{8CE6CA47-EA2D-4FB8-A013-DD35602AD8FC} = {3649E53C-063B-4B1F-93E0-BC5482318663}
		{8161C7F4-8EBF-43FA-82FC-61F8C3747F02} = {3649E53C-063B-4B1F-93E0-BC5482318663}
		{7A4F7427-D491-4E29-A9CA-42B6D4DC759C} = {3649E53C-063B-4B1F-93E0-BC5482318663}
		{AC1B1D5B-FC30-430B-ADF0-EB63045EFED9} = {3649E53C-063B-4B1F-93E0-BC5482318663}
		{96E72016-014B-43D5-9A12-90587E799402} = {7A4F7427-D491-4E29-A9CA-42B6D4DC759C}
		{EBA20AA3-AD33-4172-89BB-C11DDDFE439D} = {A981DCCA-CE95-4828-BE3E-9C1D3AEEF9E5}
		{58A06ABA-EB79-4CFD-BDF0-3A2ED02DD143} = {7A4F7427-D491-4E29-A9CA-42B6D4DC759C}
		{095BB236-5CF7-4748-8840-5C39AC88AC21} = {3649E53C-063B-4B1F-93E0-BC5482318663}
		{69550946-E396-4A81-9567-3ACF146A517E} = {095BB236-5CF7-4748-8840-5C39AC88AC21}
	EndGlobalSection
	GlobalSection(ExtensibilityGlobals) = postSolution
		SolutionGuid = {DD9C9492-40F9-434D-A4C9-10CD516AF40F}
	EndGlobalSection
EndGlobal
